
Microsoft Visual Studio Solution File, Format Version 12.00
# Visual Studio Version 17
VisualStudioVersion = 17.9.34701.34
MinimumVisualStudioVersion = 10.0.40219.1
Project("{2150E333-8FDC-42A3-9474-1A3956D46DE8}") = "FrontEnd", "FrontEnd", "{3B47C5E6-1FC8-4B78-9C3F-CEF659E0B5E0}"
EndProject
Project("{2150E333-8FDC-42A3-9474-1A3956D46DE8}") = "Gateway", "Gateway", "{B7EC7DCA-01FF-402A-B5F4-5C30709A8723}"
EndProject
Project("{2150E333-8FDC-42A3-9474-1A3956D46DE8}") = "Integration", "Integration", "{63598FAF-5BFC-4E0B-B653-553BAF67B66B}"
EndProject
Project("{2150E333-8FDC-42A3-9474-1A3956D46DE8}") = "Services", "Services", "{AEBE8A4D-F354-41D5-87D3-1632DD83A3EF}"
EndProject
Project("{9A19103F-16F7-4668-BE54-9A1E7A4F7556}") = "Mango.Services.CouponAPI", "Mango.Services.CouponAPI\Mango.Services.CouponAPI.csproj", "{3D86E9A4-FFCF-44CA-A7B2-2073C73E03B7}"
EndProject
Project("{FAE04EC0-301F-11D3-BF4B-00C04F79EFBC}") = "Mango.Web", "Mango.Web\Mango.Web.csproj", "{952CDBE6-5EF9-48DB-AC60-A2F83615EA49}"
EndProject
Global
	GlobalSection(SolutionConfigurationPlatforms) = preSolution
		Debug|Any CPU = Debug|Any CPU
		Release|Any CPU = Release|Any CPU
	EndGlobalSection
	GlobalSection(ProjectConfigurationPlatforms) = postSolution
		{3D86E9A4-FFCF-44CA-A7B2-2073C73E03B7}.Debug|Any CPU.ActiveCfg = Debug|Any CPU
		{3D86E9A4-FFCF-44CA-A7B2-2073C73E03B7}.Debug|Any CPU.Build.0 = Debug|Any CPU
		{3D86E9A4-FFCF-44CA-A7B2-2073C73E03B7}.Release|Any CPU.ActiveCfg = Release|Any CPU
		{3D86E9A4-FFCF-44CA-A7B2-2073C73E03B7}.Release|Any CPU.Build.0 = Release|Any CPU
		{952CDBE6-5EF9-48DB-AC60-A2F83615EA49}.Debug|Any CPU.ActiveCfg = Debug|Any CPU
		{952CDBE6-5EF9-48DB-AC60-A2F83615EA49}.Debug|Any CPU.Build.0 = Debug|Any CPU
		{952CDBE6-5EF9-48DB-AC60-A2F83615EA49}.Release|Any CPU.ActiveCfg = Release|Any CPU
		{952CDBE6-5EF9-48DB-AC60-A2F83615EA49}.Release|Any CPU.Build.0 = Release|Any CPU
	EndGlobalSection
	GlobalSection(SolutionProperties) = preSolution
		HideSolutionNode = FALSE
	EndGlobalSection
	GlobalSection(NestedProjects) = preSolution
		{3D86E9A4-FFCF-44CA-A7B2-2073C73E03B7} = {AEBE8A4D-F354-41D5-87D3-1632DD83A3EF}
		{952CDBE6-5EF9-48DB-AC60-A2F83615EA49} = {3B47C5E6-1FC8-4B78-9C3F-CEF659E0B5E0}
	EndGlobalSection
	GlobalSection(ExtensibilityGlobals) = postSolution
		SolutionGuid = {3C4618D0-8317-4CC4-B63B-642810942A0A}
	EndGlobalSection
EndGlobal
